
Microsoft Visual Studio Solution File, Format Version 12.00
# Visual Studio Version 17
VisualStudioVersion = 17.9.34714.143
MinimumVisualStudioVersion = 10.0.40219.1
Project("{FAE04EC0-301F-11D3-BF4B-00C04F79EFBC}") = "ATMMachine", "ATMMachine\ATMMachine.csproj", "{AEEC7F8A-84CD-4BE3-B9FF-C32C5DD903E5}"
EndProject
Global
	GlobalSection(SolutionConfigurationPlatforms) = preSolution
		Debug|Any CPU = Debug|Any CPU
		Release|Any CPU = Release|Any CPU
	EndGlobalSection
	GlobalSection(ProjectConfigurationPlatforms) = postSolution
		{AEEC7F8A-84CD-4BE3-B9FF-C32C5DD903E5}.Debug|Any CPU.ActiveCfg = Debug|Any CPU
		{AEEC7F8A-84CD-4BE3-B9FF-C32C5DD903E5}.Debug|Any CPU.Build.0 = Debug|Any CPU
		{AEEC7F8A-84CD-4BE3-B9FF-C32C5DD903E5}.Release|Any CPU.ActiveCfg = Release|Any CPU
		{AEEC7F8A-84CD-4BE3-B9FF-C32C5DD903E5}.Release|Any CPU.Build.0 = Release|Any CPU
	EndGlobalSection
	GlobalSection(SolutionProperties) = preSolution
		HideSolutionNode = FALSE
	EndGlobalSection
	GlobalSection(ExtensibilityGlobals) = postSolution
		SolutionGuid = {4CE85ACB-56B5-47BD-A307-F7F1C1F07C39}
	EndGlobalSection
EndGlobal
