
Microsoft Visual Studio Solution File, Format Version 12.00
# Visual Studio Version 17
VisualStudioVersion = 17.9.34714.143
MinimumVisualStudioVersion = 10.0.40219.1
Project("{FAE04EC0-301F-11D3-BF4B-00C04F79EFBC}") = "Tree View", "Tree View\Tree View.csproj", "{64AD35F1-13C0-4BB4-838D-AC27E3FACAEC}"
EndProject
Global
	GlobalSection(SolutionConfigurationPlatforms) = preSolution
		Debug|Any CPU = Debug|Any CPU
		Release|Any CPU = Release|Any CPU
	EndGlobalSection
	GlobalSection(ProjectConfigurationPlatforms) = postSolution
		{64AD35F1-13C0-4BB4-838D-AC27E3FACAEC}.Debug|Any CPU.ActiveCfg = Debug|Any CPU
		{64AD35F1-13C0-4BB4-838D-AC27E3FACAEC}.Debug|Any CPU.Build.0 = Debug|Any CPU
		{64AD35F1-13C0-4BB4-838D-AC27E3FACAEC}.Release|Any CPU.ActiveCfg = Release|Any CPU
		{64AD35F1-13C0-4BB4-838D-AC27E3FACAEC}.Release|Any CPU.Build.0 = Release|Any CPU
	EndGlobalSection
	GlobalSection(SolutionProperties) = preSolution
		HideSolutionNode = FALSE
	EndGlobalSection
	GlobalSection(ExtensibilityGlobals) = postSolution
		SolutionGuid = {CC5BC079-1802-42CC-ADA8-31892304800A}
	EndGlobalSection
EndGlobal
